{
  "nodes": {
    "agenix": {
      "inputs": {
        "nixpkgs": "nixpkgs"
      },
      "locked": {
        "lastModified": 1641576265,
        "narHash": "sha256-G4W39k5hdu2kS13pi/RhyTOySAo7rmrs7yMUZRH0OZI=",
        "owner": "ryantm",
        "repo": "agenix",
        "rev": "08b9c96878b2f9974fc8bde048273265ad632357",
        "type": "github"
      },
      "original": {
        "owner": "ryantm",
        "repo": "agenix",
        "type": "github"
      }
    },
    "breeze": {
      "inputs": {
        "nixpkgs": "nixpkgs_2",
        "utils": "utils"
      },
      "locked": {
        "lastModified": 1617644629,
        "narHash": "sha256-cZNn8OukuYHjUC0IopN+fOIofuXdm3jLZiCCU/frdtg=",
        "owner": "ursi",
        "repo": "breeze",
        "rev": "2561568c5e95848e5fe90e413cf1eba055e569e2",
        "type": "github"
      },
      "original": {
        "owner": "ursi",
        "repo": "breeze",
        "type": "github"
      }
    },
    "brightness": {
      "inputs": {
        "nixpkgs": "nixpkgs_4",
        "purs-nix": "purs-nix",
        "utils": "utils_3"
      },
      "locked": {
        "lastModified": 1636057760,
        "narHash": "sha256-7Ieymn+WrA7DkNJoT5PWozEXAlWqxTHD1wVg2YBnKys=",
        "owner": "ursi",
        "repo": "brightness",
        "rev": "077e9e8600e31ef89d73c2980cbfbc554c2ac412",
        "type": "github"
      },
      "original": {
        "owner": "ursi",
        "repo": "brightness",
        "type": "github"
      }
    },
    "flake-make": {
      "inputs": {
        "make-shell": "make-shell_2",
        "nixpkgs": "nixpkgs_5",
        "purs-nix": "purs-nix_2",
        "utils": "utils_5"
      },
      "locked": {
        "lastModified": 1643942387,
        "narHash": "sha256-AHPQr6WlMT6AZpTIhnXsxM0yHu4E+uTjpE63im9Z9ZM=",
        "owner": "ursi",
        "repo": "flake-make",
        "rev": "1c4dc6917dff06a838e9c670e6d6488dd1325396",
        "type": "github"
      },
      "original": {
        "owner": "ursi",
        "repo": "flake-make",
        "type": "github"
      }
    },
    "flake-utils": {
      "locked": {
        "lastModified": 1605370193,
        "narHash": "sha256-YyMTf3URDL/otKdKgtoMChu4vfVL3vCMkRqpGifhUn0=",
        "owner": "numtide",
        "repo": "flake-utils",
        "rev": "5021eac20303a61fafe17224c087f5519baed54d",
        "type": "github"
      },
      "original": {
        "owner": "numtide",
        "repo": "flake-utils",
        "type": "github"
      }
    },
    "flake-utils_2": {
      "locked": {
        "lastModified": 1618217525,
        "narHash": "sha256-WGrhVczjXTiswQaoxQ+0PTfbLNeOQM6M36zvLn78AYg=",
        "owner": "numtide",
        "repo": "flake-utils",
        "rev": "c6169a2772643c4a93a0b5ac1c61e296cba68544",
        "type": "github"
      },
      "original": {
        "owner": "numtide",
        "repo": "flake-utils",
        "type": "github"
      }
    },
    "flake-utils_3": {
      "locked": {
        "lastModified": 1605370193,
        "narHash": "sha256-YyMTf3URDL/otKdKgtoMChu4vfVL3vCMkRqpGifhUn0=",
        "owner": "numtide",
        "repo": "flake-utils",
        "rev": "5021eac20303a61fafe17224c087f5519baed54d",
        "type": "github"
      },
      "original": {
        "owner": "numtide",
        "repo": "flake-utils",
        "type": "github"
      }
    },
    "flake-utils_4": {
      "locked": {
        "lastModified": 1605370193,
        "narHash": "sha256-YyMTf3URDL/otKdKgtoMChu4vfVL3vCMkRqpGifhUn0=",
        "owner": "numtide",
        "repo": "flake-utils",
        "rev": "5021eac20303a61fafe17224c087f5519baed54d",
        "type": "github"
      },
      "original": {
        "id": "flake-utils",
        "type": "indirect"
      }
    },
    "flake-utils_5": {
      "locked": {
        "lastModified": 1605370193,
        "narHash": "sha256-YyMTf3URDL/otKdKgtoMChu4vfVL3vCMkRqpGifhUn0=",
        "owner": "numtide",
        "repo": "flake-utils",
        "rev": "5021eac20303a61fafe17224c087f5519baed54d",
        "type": "github"
      },
      "original": {
        "owner": "numtide",
        "repo": "flake-utils",
        "type": "github"
      }
    },
    "flake-utils_6": {
      "locked": {
        "lastModified": 1618217525,
        "narHash": "sha256-WGrhVczjXTiswQaoxQ+0PTfbLNeOQM6M36zvLn78AYg=",
        "owner": "numtide",
        "repo": "flake-utils",
        "rev": "c6169a2772643c4a93a0b5ac1c61e296cba68544",
        "type": "github"
      },
      "original": {
        "owner": "numtide",
        "repo": "flake-utils",
        "type": "github"
      }
    },
    "hours": {
      "flake": false,
      "locked": {
        "lastModified": 1632182392,
        "narHash": "sha256-CDRXd2V4OZjGZzG+7v4wNy9pVhE3G6H8toss1EVrpb4=",
        "owner": "Quelklef",
        "repo": "hours",
        "rev": "692d5761a4dfdd6450bcee07aa2c2e9a649c842f",
        "type": "github"
      },
      "original": {
        "owner": "Quelklef",
        "repo": "hours",
        "type": "github"
      }
    },
    "im-home": {
      "locked": {
        "lastModified": 1644901873,
        "narHash": "sha256-wBtEq/6GnkqQYfsReFgx24bcBXVsgHv72vkeubnRnyA=",
        "owner": "ursi",
        "repo": "im-home",
        "rev": "48076aa25b775450a96260a05c85a84884cbe65d",
        "type": "github"
      },
      "original": {
        "owner": "ursi",
        "repo": "im-home",
        "type": "github"
      }
    },
    "json-format": {
      "inputs": {
        "flake-utils": "flake-utils_4",
        "nixpkgs": "nixpkgs_6"
      },
      "locked": {
        "lastModified": 1607397660,
        "narHash": "sha256-RT9C5U4+9iSs+Kwxp9yhfBNR3o/QZIGDEp34s9Iw/c8=",
        "owner": "ursi",
        "repo": "json-format",
        "rev": "164b10107cc5e940b93a63f498c8e4c354297342",
        "type": "github"
      },
      "original": {
        "owner": "ursi",
        "repo": "json-format",
        "type": "github"
      }
    },
    "localVim": {
      "inputs": {
        "nixpkgs": "nixpkgs_7"
      },
      "locked": {
        "lastModified": 1611084859,
        "narHash": "sha256-EQskRlDi/fG6pVlgBi1nWAFzRU7V0WXv3B0ESaAhkr8=",
        "owner": "ursi",
        "repo": "nix-local-vim",
        "rev": "5a1ae1901632134d81996acdc7c822565d2c998d",
        "type": "github"
      },
      "original": {
        "owner": "ursi",
        "repo": "nix-local-vim",
        "type": "github"
      }
    },
    "lowdown-src": {
      "flake": false,
      "locked": {
        "lastModified": 1598695561,
        "narHash": "sha256-gyH/5j+h/nWw0W8AcR2WKvNBUsiQ7QuxqSJNXAwV+8E=",
        "owner": "kristapsdz",
        "repo": "lowdown",
        "rev": "1705b4a26fbf065d9574dce47a94e8c7c79e052f",
        "type": "github"
      },
      "original": {
        "owner": "kristapsdz",
        "repo": "lowdown",
        "type": "github"
      }
    },
    "make-shell": {
      "locked": {
        "lastModified": 1625172355,
        "narHash": "sha256-+B6thE3Mgx5sz6Lbs2TKwMAB97pvnwHsDuD18cInClk=",
        "owner": "ursi",
        "repo": "nix-make-shell",
        "rev": "a2e0314a8066d7c19cc5a6b5c26dd9167943164a",
        "type": "github"
      },
      "original": {
        "owner": "ursi",
        "ref": "1",
        "repo": "nix-make-shell",
        "type": "github"
      }
    },
    "make-shell_2": {
      "locked": {
        "lastModified": 1634940815,
        "narHash": "sha256-P69OmveboXzS+es1vQGS4bt+ckwbeIExqxfGLjGuJqA=",
        "owner": "ursi",
        "repo": "nix-make-shell",
        "rev": "8add91681170924e4d0591b22f294aee3f5516f9",
        "type": "github"
      },
      "original": {
        "owner": "ursi",
        "ref": "1",
        "repo": "nix-make-shell",
        "type": "github"
      }
    },
    "nix": {
      "inputs": {
        "lowdown-src": "lowdown-src",
        "nixpkgs": "nixpkgs_9"
      },
      "locked": {
        "lastModified": 1609520816,
        "narHash": "sha256-IGO7tfJXsv9u2wpW76VCzOsHYapRZqH9pHGVsoffPrI=",
        "owner": "NixOS",
        "repo": "nix",
        "rev": "8a2ce0f455da32bc20978e68c0aad9efb4560abc",
        "type": "github"
      },
      "original": {
        "id": "nix",
        "type": "indirect"
      }
    },
    "nixpkgs": {
      "locked": {
        "lastModified": 1618628710,
        "narHash": "sha256-9xIoU+BrCpjs5nfWcd/GlU7XCVdnNKJPffoNTxgGfhs=",
        "path": "/nix/store/z1rf17q0fxj935cmplzys4gg6nxj1as0-source",
        "rev": "7919518f0235106d050c77837df5e338fb94de5d",
        "type": "path"
      },
      "original": {
        "id": "nixpkgs",
        "type": "indirect"
      }
    },
    "nixpkgs-neovim": {
      "locked": {
        "lastModified": 1630706035,
        "narHash": "sha256-SvQ05HMFhGbkIFmqveoo2W6741K28dKBHT1bui6YkTg=",
        "owner": "NixOS",
        "repo": "nixpkgs",
        "rev": "9dea98679d45d22c85ff2fc5d190ebbe5b03d6bc",
        "type": "github"
      },
      "original": {
        "owner": "NixOS",
        "repo": "nixpkgs",
        "rev": "9dea98679d45d22c85ff2fc5d190ebbe5b03d6bc",
        "type": "github"
      }
    },
    "nixpkgs_10": {
      "locked": {
        "lastModified": 1611413872,
        "narHash": "sha256-nD9e3f9P+YQ1qDSHdRXIAor40eqANBv1o03zGvpJsnM=",
        "owner": "NixOS",
        "repo": "nixpkgs",
        "rev": "fe08be60cb84148a3dba29cfdb090fa185cacdaa",
        "type": "github"
      },
      "original": {
        "owner": "NixOS",
        "ref": "nixos-20.09",
        "repo": "nixpkgs",
        "type": "github"
      }
    },
    "nixpkgs_11": {
      "locked": {
        "lastModified": 1607659006,
        "narHash": "sha256-thOt100nFeQU6LyBdrbnm2n7V4+UNnijLVGb2Ls7IE0=",
        "owner": "NixOS",
        "repo": "nixpkgs",
        "rev": "e0b40003cb29eef81c2e1338a928e15e7bb8efba",
        "type": "github"
      },
      "original": {
        "id": "nixpkgs",
        "type": "indirect"
      }
    },
    "nixpkgs_12": {
      "locked": {
        "lastModified": 1635336330,
        "narHash": "sha256-EPrCZTmuOEY1KLjUCu7rXCBxNemggIFJMDdfEqXQKGo=",
        "owner": "NixOS",
        "repo": "nixpkgs",
        "rev": "51acb65b302551ac7993b437cc6863fe9fa8ae50",
        "type": "github"
      },
      "original": {
        "owner": "NixOS",
        "ref": "nixpkgs-unstable",
        "repo": "nixpkgs",
        "type": "github"
      }
    },
    "nixpkgs_2": {
      "locked": {
        "lastModified": 1615513511,
        "narHash": "sha256-3Ro7OjPqmMjeV3P710TqMueGxqQNGYL7dNn/5TLhlYA=",
        "owner": "NixOS",
        "repo": "nixpkgs",
        "rev": "c5147860e23ed75ce9d40298c66b416c00be1167",
        "type": "github"
      },
      "original": {
        "id": "nixpkgs",
        "type": "indirect"
      }
    },
    "nixpkgs_3": {
      "locked": {
        "lastModified": 1608723372,
        "narHash": "sha256-XoCD827n1+bBPVxjKFmAikh7KSIspj9BBj2vnWhtTC4=",
        "owner": "NixOS",
        "repo": "nixpkgs",
        "rev": "b67ba0bfcc714453cdeb8d713e35751eb8b4c8f4",
        "type": "github"
      },
      "original": {
        "id": "nixpkgs",
        "type": "indirect"
      }
    },
    "nixpkgs_4": {
      "locked": {
        "lastModified": 1617929752,
        "narHash": "sha256-ji0nqJUZp2bfHvO0sKxD24cW6Nk7LyjbPPMxjbJHji0=",
        "owner": "NixOS",
        "repo": "nixpkgs",
        "rev": "6fc2b7ecc2a167ce6a6902d5417daf1fa5cac777",
        "type": "github"
      },
      "original": {
        "owner": "NixOS",
        "ref": "nixpkgs-unstable",
        "repo": "nixpkgs",
        "type": "github"
      }
    },
    "nixpkgs_5": {
      "locked": {
        "lastModified": 1617984351,
        "narHash": "sha256-mo/tmR1sVmQ+4uziIAZpdNnr9AG0NAAo9Md3tucf73k=",
        "owner": "NixOS",
        "repo": "nixpkgs",
        "rev": "842f900e73c7ce985218cc4f455e34d1d56475c1",
        "type": "github"
      },
      "original": {
        "owner": "NixOS",
        "ref": "nixpkgs-unstable",
        "repo": "nixpkgs",
        "type": "github"
      }
    },
    "nixpkgs_6": {
      "locked": {
        "lastModified": 1607112761,
        "narHash": "sha256-JPLqSLlw7oDK2nUK/uzrjJMJFwppUbGZ19EbSLzqPA0=",
        "owner": "NixOS",
        "repo": "nixpkgs",
        "rev": "1917e6fd9e793f8279c8e3b5e03b13355bbb3784",
        "type": "github"
      },
      "original": {
        "id": "nixpkgs",
        "type": "indirect"
      }
    },
    "nixpkgs_7": {
      "locked": {
        "lastModified": 1610942247,
        "narHash": "sha256-PKo1ATAlC6BmfYSRmX0TVmNoFbrec+A5OKcabGEu2yU=",
        "owner": "NixOS",
        "repo": "nixpkgs",
        "rev": "7d71001b796340b219d1bfa8552c81995017544a",
        "type": "github"
      },
      "original": {
        "id": "nixpkgs",
        "type": "indirect"
      }
    },
    "nixpkgs_8": {
      "locked": {
        "lastModified": 1638535497,
        "narHash": "sha256-tk5LNbdkUhALp00+r5ZmQ3t7n2d5M7YUQB+MznWvVOg=",
        "owner": "NixOS",
        "repo": "nixpkgs",
        "rev": "c71f061c68ba8ce53471b767d5049cbd0f3d8490",
        "type": "github"
      },
      "original": {
        "owner": "NixOS",
        "ref": "nixos-unstable",
        "repo": "nixpkgs",
        "type": "github"
      }
    },
    "nixpkgs_9": {
      "locked": {
        "lastModified": 1602702596,
        "narHash": "sha256-fqJ4UgOb4ZUnCDIapDb4gCrtAah5Rnr2/At3IzMitig=",
        "owner": "NixOS",
        "repo": "nixpkgs",
        "rev": "ad0d20345219790533ebe06571f82ed6b034db31",
        "type": "github"
      },
      "original": {
        "id": "nixpkgs",
        "ref": "nixos-20.09-small",
        "type": "indirect"
      }
    },
    "purs-nix": {
      "inputs": {
        "utils": "utils_2"
      },
      "locked": {
        "lastModified": 1633550499,
        "narHash": "sha256-MBbpcezHItvE8RY/JiiRbMpZzAhpXIcE/cLIcFNwqq4=",
        "owner": "ursi",
        "repo": "purs-nix",
        "rev": "328f02f71695d7bbf5e491eb64a306f378d9dfc2",
        "type": "github"
      },
      "original": {
        "owner": "ursi",
        "repo": "purs-nix",
        "type": "github"
      }
    },
    "purs-nix_2": {
      "inputs": {
        "utils": "utils_4"
      },
      "locked": {
        "lastModified": 1638137542,
        "narHash": "sha256-3IaIoQGuFUX3qPTmHZ+3oMFEQhDPRweeePRdQOLDYTw=",
        "owner": "ursi",
        "repo": "purs-nix",
        "rev": "21bc6fc6dc3b595acf6f02cf09b873db877caa5d",
        "type": "github"
      },
      "original": {
        "owner": "ursi",
        "repo": "purs-nix",
        "type": "github"
      }
    },
    "root": {
      "inputs": {
        "agenix": "agenix",
        "breeze": "breeze",
        "brightness": "brightness",
        "flake-make": "flake-make",
        "hours": "hours",
        "im-home": "im-home",
        "json-format": "json-format",
        "localVim": "localVim",
        "nixpkgs": "nixpkgs_8",
        "nixpkgs-neovim": "nixpkgs-neovim",
        "ssbm": "ssbm",
        "utils": "utils_6",
        "z": "z"
      }
    },
    "slippi-desktop": {
      "flake": false,
      "locked": {
        "lastModified": 1607036060,
        "narHash": "sha256-TUYsiVvKAws3N3roZYDwkLB0obyl6zwvh8CAk2RwHrY=",
        "owner": "project-slippi",
        "repo": "slippi-desktop-app",
        "rev": "3ca39ba6bbd02157515b12a79aa01e5d669ad1b1",
        "type": "github"
      },
      "original": {
        "owner": "project-slippi",
        "repo": "slippi-desktop-app",
        "type": "github"
      }
    },
    "ssbm": {
      "inputs": {
        "nix": "nix",
        "nixpkgs": "nixpkgs_10",
        "slippi-desktop": "slippi-desktop"
      },
      "locked": {
        "lastModified": 1640232377,
        "narHash": "sha256-x+mzh/WM9leSslf9rpxqYUZEtM5ZaASSPd7IWDvb7nQ=",
        "owner": "djanatyn",
        "repo": "ssbm-nix",
        "rev": "60564975255b2de0211d69fa5e7149eb557ada69",
        "type": "github"
      },
      "original": {
        "owner": "djanatyn",
        "repo": "ssbm-nix",
        "type": "github"
      }
    },
    "utils": {
      "inputs": {
        "flake-utils": "flake-utils",
        "nixpkgs": "nixpkgs_3"
      },
      "locked": {
        "lastModified": 1614319620,
        "narHash": "sha256-9e15MKXRWKwnn/cGnJyVUwTYM3fw6+vHq/vQRLjMcXE=",
        "owner": "ursi",
        "repo": "flake-utils",
        "rev": "e4ef06ee72cf0ae5f9931b0360e97bed7b6fb501",
        "type": "github"
      },
      "original": {
        "id": "utils",
        "type": "indirect"
      }
    },
    "utils_2": {
      "locked": {
        "lastModified": 1620759905,
        "narHash": "sha256-WiyWawrgmyN0EdmiHyG2V+fqReiVi8bM9cRdMaKQOFg=",
        "owner": "numtide",
        "repo": "flake-utils",
        "rev": "b543720b25df6ffdfcf9227afafc5b8c1fabfae8",
        "type": "github"
      },
      "original": {
        "owner": "numtide",
        "repo": "flake-utils",
        "type": "github"
      }
    },
    "utils_3": {
      "inputs": {
        "flake-utils": "flake-utils_2",
        "make-shell": "make-shell"
      },
      "locked": {
        "lastModified": 1625172510,
        "narHash": "sha256-Dg/pWpdeL1RGrVZC+NZ/8tyE4AVHN8LQaIsC+5lGet8=",
        "owner": "ursi",
        "repo": "flake-utils",
        "rev": "88f31a4410ad4a682b4d259abc8aeaf87ce97539",
        "type": "github"
      },
      "original": {
        "owner": "ursi",
        "ref": "2",
        "repo": "flake-utils",
        "type": "github"
      }
    },
    "utils_4": {
      "locked": {
        "lastModified": 1620759905,
        "narHash": "sha256-WiyWawrgmyN0EdmiHyG2V+fqReiVi8bM9cRdMaKQOFg=",
        "owner": "numtide",
        "repo": "flake-utils",
        "rev": "b543720b25df6ffdfcf9227afafc5b8c1fabfae8",
        "type": "github"
      },
      "original": {
        "owner": "numtide",
        "repo": "flake-utils",
        "type": "github"
      }
    },
    "utils_5": {
      "inputs": {
        "flake-utils": "flake-utils_3"
      },
      "locked": {
        "lastModified": 1643926395,
        "narHash": "sha256-uqdtbSTfaIzpSYE116F4tpfzrfv7xeZJY5U9JAv9xLQ=",
        "owner": "ursi",
        "repo": "flake-utils",
        "rev": "0ee001663b9df3e093f9e43184e0b40a2dc3cb7c",
        "type": "github"
      },
      "original": {
        "owner": "ursi",
        "ref": "7",
        "repo": "flake-utils",
        "type": "github"
      }
    },
    "utils_6": {
      "inputs": {
        "flake-utils": "flake-utils_5",
        "nixpkgs": "nixpkgs_11"
      },
      "locked": {
        "lastModified": 1607971648,
        "narHash": "sha256-YPS5qB+cnmV5xKsTMUyU1udmscIls6vbkdoRCSoaKbI=",
        "owner": "ursi",
        "repo": "flake-utils",
        "rev": "3a39444700665688ab47d4e65c4eb928c879e3b5",
        "type": "github"
      },
      "original": {
        "id": "utils",
        "type": "indirect"
      }
    },
    "utils_7": {
      "inputs": {
        "flake-utils": "flake-utils_6"
      },
      "locked": {
        "lastModified": 1635484168,
        "narHash": "sha256-g5zeycuFmoPvhcKsBeRZhV0KfZHJJuKU3EbKgeg9iC0=",
        "owner": "ursi",
        "repo": "flake-utils",
        "rev": "f4809af8fcf29b9cd6b861720c9827a4273b4bd3",
        "type": "github"
      },
      "original": {
        "owner": "ursi",
        "repo": "flake-utils",
        "type": "github"
      }
    },
    "z": {
      "inputs": {
        "nixpkgs": "nixpkgs_12",
        "utils": "utils_7"
      },
      "locked": {
        "lastModified": 1635484679,
        "narHash": "sha256-zI+6tgcMEhLb6QIFpFqd5XYhkIb/dWT/8rjMpDK8kws=",
        "owner": "ursi",
        "repo": "z-nix",
        "rev": "0110ea391cce8946d348b64b8686530f6e30508d",
        "type": "github"
      },
      "original": {
        "owner": "ursi",
        "repo": "z-nix",
        "type": "github"
      }
    }
  },
  "root": "root",
  "version": 7
}
