{
  "nodes": {
    "breeze": {
      "inputs": {
        "nixpkgs": "nixpkgs",
        "utils": "utils"
      },
      "locked": {
        "lastModified": 1615681793,
        "narHash": "sha256-Yg/h5ZmiXc9NPjlCxucY6KjKhmfEahDT1v3VzW+oWDM=",
        "owner": "ursi",
        "repo": "breeze",
        "rev": "16fdf6cdcdfc846f86130d6f1eb4a421372ca52a",
        "type": "github"
      },
      "original": {
        "owner": "ursi",
        "repo": "breeze",
        "type": "github"
      }
    },
    "brightness": {
      "inputs": {
        "nixpkgs": "nixpkgs_3",
        "psnp": "psnp",
        "utils": "utils_3"
      },
      "locked": {
        "lastModified": 1615421654,
        "narHash": "sha256-81un6whsf3HDCWN1jj8zjfGuRYL9m+gtsU4dZU42B3E=",
        "owner": "ursi",
        "repo": "brightness",
        "rev": "63e9cf8a43aacc2f07d36bb1a7cbd1d3ac52a459",
        "type": "github"
      },
      "original": {
        "owner": "ursi",
        "repo": "brightness",
        "type": "github"
      }
    },
    "dhall-to-nix": {
      "inputs": {
        "nixpkgs": "nixpkgs_8"
      },
      "locked": {
        "lastModified": 1611072635,
        "narHash": "sha256-4qa2juIvm5jSvlBfbOgDjH6iFn88eQDo5xA+QDWrB0s=",
        "owner": "ursi",
        "repo": "dhall-to-nix",
        "rev": "2dbe60a8b66d500be6bf2c88e7780a6b77f069db",
        "type": "github"
      },
      "original": {
        "owner": "ursi",
        "repo": "dhall-to-nix",
        "type": "github"
      }
    },
    "flake-make": {
      "inputs": {
        "nixpkgs": "nixpkgs_7",
        "psnp": "psnp_2",
        "utils": "utils_5"
      },
      "locked": {
        "lastModified": 1617322773,
        "narHash": "sha256-3g3xlL5uCfJ8TR1gMnPVUp+uL1lKKD7/6HfOtZlqCzI=",
        "owner": "ursi",
        "repo": "flake-make",
        "rev": "56dfedff242c594092853b2ba5d0d86afb7df278",
        "type": "github"
      },
      "original": {
        "owner": "ursi",
        "repo": "flake-make",
        "type": "github"
      }
    },
    "flake-utils": {
      "locked": {
        "lastModified": 1605370193,
        "narHash": "sha256-YyMTf3URDL/otKdKgtoMChu4vfVL3vCMkRqpGifhUn0=",
        "owner": "numtide",
        "repo": "flake-utils",
        "rev": "5021eac20303a61fafe17224c087f5519baed54d",
        "type": "github"
      },
      "original": {
        "owner": "numtide",
        "repo": "flake-utils",
        "type": "github"
      }
    },
    "flake-utils_2": {
      "locked": {
        "lastModified": 1605370193,
        "narHash": "sha256-YyMTf3URDL/otKdKgtoMChu4vfVL3vCMkRqpGifhUn0=",
        "owner": "numtide",
        "repo": "flake-utils",
        "rev": "5021eac20303a61fafe17224c087f5519baed54d",
        "type": "github"
      },
      "original": {
        "owner": "numtide",
        "repo": "flake-utils",
        "type": "github"
      }
    },
    "flake-utils_3": {
      "locked": {
        "lastModified": 1605370193,
        "narHash": "sha256-YyMTf3URDL/otKdKgtoMChu4vfVL3vCMkRqpGifhUn0=",
        "owner": "numtide",
        "repo": "flake-utils",
        "rev": "5021eac20303a61fafe17224c087f5519baed54d",
        "type": "github"
      },
      "original": {
        "owner": "numtide",
        "repo": "flake-utils",
        "type": "github"
      }
    },
    "flake-utils_4": {
      "locked": {
        "lastModified": 1605370193,
        "narHash": "sha256-YyMTf3URDL/otKdKgtoMChu4vfVL3vCMkRqpGifhUn0=",
        "owner": "numtide",
        "repo": "flake-utils",
        "rev": "5021eac20303a61fafe17224c087f5519baed54d",
        "type": "github"
      },
      "original": {
        "owner": "numtide",
        "repo": "flake-utils",
        "type": "github"
      }
    },
    "flake-utils_5": {
      "locked": {
        "lastModified": 1605370193,
        "narHash": "sha256-YyMTf3URDL/otKdKgtoMChu4vfVL3vCMkRqpGifhUn0=",
        "owner": "numtide",
        "repo": "flake-utils",
        "rev": "5021eac20303a61fafe17224c087f5519baed54d",
        "type": "github"
      },
      "original": {
        "owner": "numtide",
        "repo": "flake-utils",
        "type": "github"
      }
    },
    "flake-utils_6": {
      "locked": {
        "lastModified": 1605370193,
        "narHash": "sha256-YyMTf3URDL/otKdKgtoMChu4vfVL3vCMkRqpGifhUn0=",
        "owner": "numtide",
        "repo": "flake-utils",
        "rev": "5021eac20303a61fafe17224c087f5519baed54d",
        "type": "github"
      },
      "original": {
        "id": "flake-utils",
        "type": "indirect"
      }
    },
    "flake-utils_7": {
      "locked": {
        "lastModified": 1605370193,
        "narHash": "sha256-YyMTf3URDL/otKdKgtoMChu4vfVL3vCMkRqpGifhUn0=",
        "owner": "numtide",
        "repo": "flake-utils",
        "rev": "5021eac20303a61fafe17224c087f5519baed54d",
        "type": "github"
      },
      "original": {
        "owner": "numtide",
        "repo": "flake-utils",
        "type": "github"
      }
    },
    "json-format": {
      "inputs": {
        "flake-utils": "flake-utils_6",
        "nixpkgs": "nixpkgs_12"
      },
      "locked": {
        "lastModified": 1607397660,
        "narHash": "sha256-RT9C5U4+9iSs+Kwxp9yhfBNR3o/QZIGDEp34s9Iw/c8=",
        "owner": "ursi",
        "repo": "json-format",
        "rev": "164b10107cc5e940b93a63f498c8e4c354297342",
        "type": "github"
      },
      "original": {
        "owner": "ursi",
        "repo": "json-format",
        "type": "github"
      }
    },
    "localVim": {
      "inputs": {
        "nixpkgs": "nixpkgs_13"
      },
      "locked": {
        "lastModified": 1611084859,
        "narHash": "sha256-EQskRlDi/fG6pVlgBi1nWAFzRU7V0WXv3B0ESaAhkr8=",
        "owner": "ursi",
        "repo": "nix-local-vim",
        "rev": "5a1ae1901632134d81996acdc7c822565d2c998d",
        "type": "github"
      },
      "original": {
        "owner": "ursi",
        "repo": "nix-local-vim",
        "type": "github"
      }
    },
    "lowdown-src": {
      "flake": false,
      "locked": {
        "lastModified": 1598695561,
        "narHash": "sha256-gyH/5j+h/nWw0W8AcR2WKvNBUsiQ7QuxqSJNXAwV+8E=",
        "owner": "kristapsdz",
        "repo": "lowdown",
        "rev": "1705b4a26fbf065d9574dce47a94e8c7c79e052f",
        "type": "github"
      },
      "original": {
        "owner": "kristapsdz",
        "repo": "lowdown",
        "type": "github"
      }
    },
    "nix": {
      "inputs": {
        "lowdown-src": "lowdown-src",
        "nixpkgs": "nixpkgs_15"
      },
      "locked": {
        "lastModified": 1609520816,
        "narHash": "sha256-IGO7tfJXsv9u2wpW76VCzOsHYapRZqH9pHGVsoffPrI=",
        "owner": "NixOS",
        "repo": "nix",
        "rev": "8a2ce0f455da32bc20978e68c0aad9efb4560abc",
        "type": "github"
      },
      "original": {
        "id": "nix",
        "type": "indirect"
      }
    },
    "nixpkgs": {
      "locked": {
        "lastModified": 1615513511,
        "narHash": "sha256-3Ro7OjPqmMjeV3P710TqMueGxqQNGYL7dNn/5TLhlYA=",
        "owner": "NixOS",
        "repo": "nixpkgs",
        "rev": "c5147860e23ed75ce9d40298c66b416c00be1167",
        "type": "github"
      },
      "original": {
        "id": "nixpkgs",
        "type": "indirect"
      }
    },
    "nixpkgs_10": {
      "locked": {
        "lastModified": 1608723372,
        "narHash": "sha256-XoCD827n1+bBPVxjKFmAikh7KSIspj9BBj2vnWhtTC4=",
        "owner": "NixOS",
        "repo": "nixpkgs",
        "rev": "b67ba0bfcc714453cdeb8d713e35751eb8b4c8f4",
        "type": "github"
      },
      "original": {
        "id": "nixpkgs",
        "type": "indirect"
      }
    },
    "nixpkgs_11": {
      "locked": {
        "lastModified": 1608723372,
        "narHash": "sha256-XoCD827n1+bBPVxjKFmAikh7KSIspj9BBj2vnWhtTC4=",
        "owner": "NixOS",
        "repo": "nixpkgs",
        "rev": "b67ba0bfcc714453cdeb8d713e35751eb8b4c8f4",
        "type": "github"
      },
      "original": {
        "id": "nixpkgs",
        "type": "indirect"
      }
    },
    "nixpkgs_12": {
      "locked": {
        "lastModified": 1607112761,
        "narHash": "sha256-JPLqSLlw7oDK2nUK/uzrjJMJFwppUbGZ19EbSLzqPA0=",
        "owner": "NixOS",
        "repo": "nixpkgs",
        "rev": "1917e6fd9e793f8279c8e3b5e03b13355bbb3784",
        "type": "github"
      },
      "original": {
        "id": "nixpkgs",
        "type": "indirect"
      }
    },
    "nixpkgs_13": {
      "locked": {
        "lastModified": 1610942247,
        "narHash": "sha256-PKo1ATAlC6BmfYSRmX0TVmNoFbrec+A5OKcabGEu2yU=",
        "owner": "NixOS",
        "repo": "nixpkgs",
        "rev": "7d71001b796340b219d1bfa8552c81995017544a",
        "type": "github"
      },
      "original": {
        "id": "nixpkgs",
        "type": "indirect"
      }
    },
    "nixpkgs_14": {
      "locked": {
        "lastModified": 1616779317,
        "narHash": "sha256-+mUTkYguFMNGb57JkwauDgjcq65RnOLUhDo4mhb8qAI=",
        "owner": "NixOS",
        "repo": "nixpkgs",
        "rev": "ad47284f8b01f587e24a4f14e0f93126d8ebecda",
        "type": "github"
      },
      "original": {
        "owner": "NixOS",
        "ref": "nixos-unstable",
        "repo": "nixpkgs",
        "type": "github"
      }
    },
    "nixpkgs_15": {
      "locked": {
        "lastModified": 1602702596,
        "narHash": "sha256-fqJ4UgOb4ZUnCDIapDb4gCrtAah5Rnr2/At3IzMitig=",
        "owner": "NixOS",
        "repo": "nixpkgs",
        "rev": "ad0d20345219790533ebe06571f82ed6b034db31",
        "type": "github"
      },
      "original": {
        "id": "nixpkgs",
        "ref": "nixos-20.09-small",
        "type": "indirect"
      }
    },
    "nixpkgs_16": {
      "locked": {
        "lastModified": 1611413872,
        "narHash": "sha256-nD9e3f9P+YQ1qDSHdRXIAor40eqANBv1o03zGvpJsnM=",
        "owner": "NixOS",
        "repo": "nixpkgs",
        "rev": "fe08be60cb84148a3dba29cfdb090fa185cacdaa",
        "type": "github"
      },
      "original": {
        "owner": "NixOS",
        "ref": "nixos-20.09",
        "repo": "nixpkgs",
        "type": "github"
      }
    },
    "nixpkgs_17": {
      "locked": {
        "lastModified": 1607659006,
        "narHash": "sha256-thOt100nFeQU6LyBdrbnm2n7V4+UNnijLVGb2Ls7IE0=",
        "owner": "NixOS",
        "repo": "nixpkgs",
        "rev": "e0b40003cb29eef81c2e1338a928e15e7bb8efba",
        "type": "github"
      },
      "original": {
        "id": "nixpkgs",
        "type": "indirect"
      }
    },
    "nixpkgs_2": {
      "locked": {
        "lastModified": 1608723372,
        "narHash": "sha256-XoCD827n1+bBPVxjKFmAikh7KSIspj9BBj2vnWhtTC4=",
        "owner": "NixOS",
        "repo": "nixpkgs",
        "rev": "b67ba0bfcc714453cdeb8d713e35751eb8b4c8f4",
        "type": "github"
      },
      "original": {
        "id": "nixpkgs",
        "type": "indirect"
      }
    },
    "nixpkgs_3": {
      "locked": {
        "lastModified": 1607112761,
        "narHash": "sha256-JPLqSLlw7oDK2nUK/uzrjJMJFwppUbGZ19EbSLzqPA0=",
        "owner": "NixOS",
        "repo": "nixpkgs",
        "rev": "1917e6fd9e793f8279c8e3b5e03b13355bbb3784",
        "type": "github"
      },
      "original": {
        "id": "nixpkgs",
        "type": "indirect"
      }
    },
    "nixpkgs_4": {
      "locked": {
        "lastModified": 1607660847,
        "narHash": "sha256-hTjqlKirCgD8mhJHj5btJlhRdL3WTt2zi6x6MllDzwM=",
        "owner": "NixOS",
        "repo": "nixpkgs",
        "rev": "2c0f6135aab77ff942b615228882c7dd996e0882",
        "type": "github"
      },
      "original": {
        "id": "nixpkgs",
        "type": "indirect"
      }
    },
    "nixpkgs_5": {
      "locked": {
        "lastModified": 1607660847,
        "narHash": "sha256-hTjqlKirCgD8mhJHj5btJlhRdL3WTt2zi6x6MllDzwM=",
        "owner": "NixOS",
        "repo": "nixpkgs",
        "rev": "2c0f6135aab77ff942b615228882c7dd996e0882",
        "type": "github"
      },
      "original": {
        "id": "nixpkgs",
        "type": "indirect"
      }
    },
    "nixpkgs_6": {
      "locked": {
        "lastModified": 1607660847,
        "narHash": "sha256-hTjqlKirCgD8mhJHj5btJlhRdL3WTt2zi6x6MllDzwM=",
        "owner": "NixOS",
        "repo": "nixpkgs",
        "rev": "2c0f6135aab77ff942b615228882c7dd996e0882",
        "type": "github"
      },
      "original": {
        "id": "nixpkgs",
        "type": "indirect"
      }
    },
    "nixpkgs_7": {
      "locked": {
        "lastModified": 1608122323,
        "narHash": "sha256-ivxC1U9pUMziQcyvVHAOGi/IwzJ896C6DKbkKLJysoo=",
        "owner": "NixOS",
        "repo": "nixpkgs",
        "rev": "00941cd747e9bc1c3326d1362dbc7e9cfe18cf53",
        "type": "github"
      },
      "original": {
        "id": "nixpkgs",
        "type": "indirect"
      }
    },
    "nixpkgs_8": {
      "locked": {
        "lastModified": 1610942247,
        "narHash": "sha256-PKo1ATAlC6BmfYSRmX0TVmNoFbrec+A5OKcabGEu2yU=",
        "owner": "NixOS",
        "repo": "nixpkgs",
        "rev": "7d71001b796340b219d1bfa8552c81995017544a",
        "type": "github"
      },
      "original": {
        "id": "nixpkgs",
        "type": "indirect"
      }
    },
    "nixpkgs_9": {
      "locked": {
        "lastModified": 1607660847,
        "narHash": "sha256-hTjqlKirCgD8mhJHj5btJlhRdL3WTt2zi6x6MllDzwM=",
        "owner": "NixOS",
        "repo": "nixpkgs",
        "rev": "2c0f6135aab77ff942b615228882c7dd996e0882",
        "type": "github"
      },
      "original": {
        "id": "nixpkgs",
        "type": "indirect"
      }
    },
    "psnp": {
      "inputs": {
        "nixpkgs": "nixpkgs_4",
        "utils": "utils_2"
      },
      "locked": {
        "lastModified": 1608165536,
        "narHash": "sha256-uV0sDf0gte63Samp+t2TOHx9VcFzcZIqbyOri6egl4I=",
        "owner": "ursi",
        "repo": "psnp",
        "rev": "53dd2d55b3e0d2f7abf576527897dec974260ad2",
        "type": "github"
      },
      "original": {
        "owner": "ursi",
        "repo": "psnp",
        "type": "github"
      }
    },
    "psnp_2": {
      "inputs": {
        "dhall-to-nix": "dhall-to-nix",
        "nixpkgs": "nixpkgs_9",
        "utils": "utils_4"
      },
      "locked": {
        "lastModified": 1617322135,
        "narHash": "sha256-I4b0oXKGlZWU3R2nhdF9SO/XeFgcCJA/yHhWrS7U8to=",
        "owner": "ursi",
        "repo": "psnp",
        "rev": "f41c50f57b20b3590f2d8762fae002b676b74b56",
        "type": "github"
      },
      "original": {
        "owner": "ursi",
        "repo": "psnp",
        "type": "github"
      }
    },
    "root": {
      "inputs": {
        "breeze": "breeze",
        "brightness": "brightness",
        "flake-make": "flake-make",
        "json-format": "json-format",
        "localVim": "localVim",
        "nixpkgs": "nixpkgs_14",
        "ssbm": "ssbm",
        "utils": "utils_6"
      }
    },
    "slippi-desktop": {
      "flake": false,
      "locked": {
        "lastModified": 1607036060,
        "narHash": "sha256-TUYsiVvKAws3N3roZYDwkLB0obyl6zwvh8CAk2RwHrY=",
        "owner": "project-slippi",
        "repo": "slippi-desktop-app",
        "rev": "3ca39ba6bbd02157515b12a79aa01e5d669ad1b1",
        "type": "github"
      },
      "original": {
        "owner": "project-slippi",
        "repo": "slippi-desktop-app",
        "type": "github"
      }
    },
    "ssbm": {
      "inputs": {
        "nix": "nix",
        "nixpkgs": "nixpkgs_16",
        "slippi-desktop": "slippi-desktop"
      },
      "locked": {
        "lastModified": 1614550261,
        "narHash": "sha256-eCExfd5YbA2HsID0nM7KQdKoBP4CtPkBWVRG2LK2n2Q=",
        "owner": "djanatyn",
        "repo": "ssbm-nix",
        "rev": "29fbe28da7ddcc546eb6cf6e8b726fc6592dd153",
        "type": "github"
      },
      "original": {
        "owner": "djanatyn",
        "repo": "ssbm-nix",
        "type": "github"
      }
    },
    "utils": {
      "inputs": {
        "flake-utils": "flake-utils",
        "nixpkgs": "nixpkgs_2"
      },
      "locked": {
        "lastModified": 1614319620,
        "narHash": "sha256-9e15MKXRWKwnn/cGnJyVUwTYM3fw6+vHq/vQRLjMcXE=",
        "owner": "ursi",
        "repo": "flake-utils",
        "rev": "e4ef06ee72cf0ae5f9931b0360e97bed7b6fb501",
        "type": "github"
      },
      "original": {
        "id": "utils",
        "type": "indirect"
      }
    },
    "utils_2": {
      "inputs": {
        "flake-utils": "flake-utils_2",
        "nixpkgs": "nixpkgs_5"
      },
      "locked": {
        "lastModified": 1607971648,
        "narHash": "sha256-YPS5qB+cnmV5xKsTMUyU1udmscIls6vbkdoRCSoaKbI=",
        "owner": "ursi",
        "repo": "flake-utils",
        "rev": "3a39444700665688ab47d4e65c4eb928c879e3b5",
        "type": "github"
      },
      "original": {
        "id": "utils",
        "type": "indirect"
      }
    },
    "utils_3": {
      "inputs": {
        "flake-utils": "flake-utils_3",
        "nixpkgs": "nixpkgs_6"
      },
      "locked": {
        "lastModified": 1607971648,
        "narHash": "sha256-YPS5qB+cnmV5xKsTMUyU1udmscIls6vbkdoRCSoaKbI=",
        "owner": "ursi",
        "repo": "flake-utils",
        "rev": "3a39444700665688ab47d4e65c4eb928c879e3b5",
        "type": "github"
      },
      "original": {
        "id": "utils",
        "type": "indirect"
      }
    },
    "utils_4": {
      "inputs": {
        "flake-utils": "flake-utils_4",
        "nixpkgs": "nixpkgs_10"
      },
      "locked": {
        "lastModified": 1608846826,
        "narHash": "sha256-Er+wYQR5wNvz+KeC7ZhAiMEiBs2pxyWyLpauSSFSJVk=",
        "owner": "ursi",
        "repo": "flake-utils",
        "rev": "80e28ed52b349af275d1fc61a696476ed8e1f314",
        "type": "github"
      },
      "original": {
        "id": "utils",
        "type": "indirect"
      }
    },
    "utils_5": {
      "inputs": {
        "flake-utils": "flake-utils_5",
        "nixpkgs": "nixpkgs_11"
      },
      "locked": {
        "lastModified": 1608846826,
        "narHash": "sha256-Er+wYQR5wNvz+KeC7ZhAiMEiBs2pxyWyLpauSSFSJVk=",
        "owner": "ursi",
        "repo": "flake-utils",
        "rev": "80e28ed52b349af275d1fc61a696476ed8e1f314",
        "type": "github"
      },
      "original": {
        "id": "utils",
        "type": "indirect"
      }
    },
    "utils_6": {
      "inputs": {
        "flake-utils": "flake-utils_7",
        "nixpkgs": "nixpkgs_17"
      },
      "locked": {
        "lastModified": 1607971648,
        "narHash": "sha256-YPS5qB+cnmV5xKsTMUyU1udmscIls6vbkdoRCSoaKbI=",
        "owner": "ursi",
        "repo": "flake-utils",
        "rev": "3a39444700665688ab47d4e65c4eb928c879e3b5",
        "type": "github"
      },
      "original": {
        "id": "utils",
        "type": "indirect"
      }
    }
  },
  "root": "root",
  "version": 7
}
