{
  "nodes": {
    "agenix": {
      "inputs": {
        "nixpkgs": "nixpkgs"
      },
      "locked": {
        "lastModified": 1641576265,
        "narHash": "sha256-G4W39k5hdu2kS13pi/RhyTOySAo7rmrs7yMUZRH0OZI=",
        "owner": "ryantm",
        "repo": "agenix",
        "rev": "08b9c96878b2f9974fc8bde048273265ad632357",
        "type": "github"
      },
      "original": {
        "owner": "ryantm",
        "repo": "agenix",
        "type": "github"
      }
    },
    "breeze": {
      "inputs": {
        "nixpkgs": "nixpkgs_2",
        "utils": "utils"
      },
      "locked": {
        "lastModified": 1617644629,
        "narHash": "sha256-cZNn8OukuYHjUC0IopN+fOIofuXdm3jLZiCCU/frdtg=",
        "owner": "ursi",
        "repo": "breeze",
        "rev": "2561568c5e95848e5fe90e413cf1eba055e569e2",
        "type": "github"
      },
      "original": {
        "owner": "ursi",
        "repo": "breeze",
        "type": "github"
      }
    },
    "brightness": {
      "inputs": {
        "nixpkgs": "nixpkgs_4",
        "purs-nix": "purs-nix",
        "utils": "utils_4"
      },
      "locked": {
        "lastModified": 1650337070,
        "narHash": "sha256-rIfP8xgfgz2DPFaY7ZRaZF7ciEdW/ScqMkTPAKVRzXs=",
        "owner": "ursi",
        "repo": "brightness",
        "rev": "d19d4ef3acd81aa1bc60f6c93dbe61007b270c59",
        "type": "github"
      },
      "original": {
        "owner": "ursi",
        "repo": "brightness",
        "type": "github"
      }
    },
    "builders": {
      "locked": {
        "lastModified": 1646266317,
        "narHash": "sha256-sO7lFbuhK2t13elpWgNB+Nyo40qQOUnX4FwJ+3Ao9ZE=",
        "owner": "ursi",
        "repo": "nix-builders",
        "rev": "72e9cc5487b07d152e3f5f6ed0654bbc7086e6b4",
        "type": "github"
      },
      "original": {
        "owner": "ursi",
        "repo": "nix-builders",
        "type": "github"
      }
    },
    "deadnix": {
      "inputs": {
        "mozillapkgs": "mozillapkgs",
        "naersk": "naersk",
        "nixpkgs": "nixpkgs_6",
        "utils": "utils_2"
      },
      "locked": {
        "lastModified": 1638932743,
        "narHash": "sha256-QVqT8wT/vwU7RHyCn2IOZc+9UPX9E3AE1WOFnbbEywc=",
        "owner": "astro",
        "repo": "deadnix",
        "rev": "600a0da9727ab5b26c79bb33704357d33855da1d",
        "type": "github"
      },
      "original": {
        "owner": "astro",
        "repo": "deadnix",
        "type": "github"
      }
    },
    "deadnix_2": {
      "inputs": {
        "mozillapkgs": "mozillapkgs_2",
        "naersk": "naersk_2",
        "nixpkgs": "nixpkgs_9",
        "utils": "utils_5"
      },
      "locked": {
        "lastModified": 1638932743,
        "narHash": "sha256-QVqT8wT/vwU7RHyCn2IOZc+9UPX9E3AE1WOFnbbEywc=",
        "owner": "astro",
        "repo": "deadnix",
        "rev": "600a0da9727ab5b26c79bb33704357d33855da1d",
        "type": "github"
      },
      "original": {
        "owner": "astro",
        "repo": "deadnix",
        "type": "github"
      }
    },
    "deadnix_3": {
      "inputs": {
        "fenix": "fenix",
        "naersk": "naersk_3",
        "nixpkgs": "nixpkgs_13",
        "utils": "utils_8"
      },
      "locked": {
        "lastModified": 1655647809,
        "narHash": "sha256-npyHYIJW7HyGIFpCZZK+t5JM/v2LsyFhAGJxX1DXO7E=",
        "owner": "astro",
        "repo": "deadnix",
        "rev": "83c42cc64d190ecb72f5929eab0f64fe88e25dc4",
        "type": "github"
      },
      "original": {
        "owner": "astro",
        "repo": "deadnix",
        "type": "github"
      }
    },
    "deadnix_4": {
      "inputs": {
        "fenix": "fenix_2",
        "naersk": "naersk_4",
        "nixpkgs": "nixpkgs_17",
        "utils": "utils_9"
      },
      "locked": {
        "lastModified": 1656370114,
        "narHash": "sha256-XBbSWeBuF6Ck0jc634yAp2hjPXWM2JyRDPCdK0dh3w4=",
        "owner": "astro",
        "repo": "deadnix",
        "rev": "9f450f7250ad7680cb5f12ce5985cc18496c2d5f",
        "type": "github"
      },
      "original": {
        "owner": "astro",
        "repo": "deadnix",
        "type": "github"
      }
    },
    "docs-search": {
      "flake": false,
      "locked": {
        "lastModified": 1658376882,
        "narHash": "sha256-GV42QnJn0q5d4v3m0qTBCSfvU3a7jnytSh3D3Ch656Y=",
        "owner": "purs-nix",
        "repo": "purescript-docs-search",
        "rev": "8f3ea8cd24b7cf605ce80e040622f273801fc646",
        "type": "github"
      },
      "original": {
        "owner": "purs-nix",
        "repo": "purescript-docs-search",
        "type": "github"
      }
    },
    "fenix": {
      "inputs": {
        "nixpkgs": "nixpkgs_11",
        "rust-analyzer-src": "rust-analyzer-src"
      },
      "locked": {
        "lastModified": 1655533500,
        "narHash": "sha256-qJJmLVoMYfDLywI9MNL7sb0W/GsKQF9HDatdHm1tSl0=",
        "owner": "nix-community",
        "repo": "fenix",
        "rev": "b6630603af13df17d0dd4df8629e9a24e6ba0fbd",
        "type": "github"
      },
      "original": {
        "owner": "nix-community",
        "repo": "fenix",
        "type": "github"
      }
    },
    "fenix_2": {
      "inputs": {
        "nixpkgs": "nixpkgs_15",
        "rust-analyzer-src": "rust-analyzer-src_2"
      },
      "locked": {
        "lastModified": 1655533500,
        "narHash": "sha256-qJJmLVoMYfDLywI9MNL7sb0W/GsKQF9HDatdHm1tSl0=",
        "owner": "nix-community",
        "repo": "fenix",
        "rev": "b6630603af13df17d0dd4df8629e9a24e6ba0fbd",
        "type": "github"
      },
      "original": {
        "owner": "nix-community",
        "repo": "fenix",
        "type": "github"
      }
    },
    "fenix_3": {
      "inputs": {
        "nixpkgs": [
          "hours",
          "purs-nix",
          "statix",
          "nixpkgs"
        ],
        "rust-analyzer-src": "rust-analyzer-src_3"
      },
      "locked": {
        "lastModified": 1645251813,
        "narHash": "sha256-cQ66tGjnZclBCS3nD26mZ5fUH+3/HnysGffBiWXUSHk=",
        "owner": "nix-community",
        "repo": "fenix",
        "rev": "9892337b588c38ec59466a1c89befce464aae7f8",
        "type": "github"
      },
      "original": {
        "owner": "nix-community",
        "repo": "fenix",
        "type": "github"
      }
    },
    "flake-make": {
      "inputs": {
        "make-shell": "make-shell_3",
        "nixpkgs": "nixpkgs_7",
        "purs-nix": "purs-nix_2",
        "utils": "utils_7"
      },
      "locked": {
        "lastModified": 1656454309,
        "narHash": "sha256-a8m6it/PpwjczzxxRJh0jR1DJ7kLRZ6ka4Ljkfx6qGQ=",
        "owner": "ursi",
        "repo": "flake-make",
        "rev": "2049a2a55339e7f585a9e283f5a5dd99de139046",
        "type": "github"
      },
      "original": {
        "owner": "ursi",
        "repo": "flake-make",
        "type": "github"
      }
    },
    "flake-utils": {
      "locked": {
        "lastModified": 1605370193,
        "narHash": "sha256-YyMTf3URDL/otKdKgtoMChu4vfVL3vCMkRqpGifhUn0=",
        "owner": "numtide",
        "repo": "flake-utils",
        "rev": "5021eac20303a61fafe17224c087f5519baed54d",
        "type": "github"
      },
      "original": {
        "owner": "numtide",
        "repo": "flake-utils",
        "type": "github"
      }
    },
    "flake-utils_2": {
      "locked": {
        "lastModified": 1618217525,
        "narHash": "sha256-WGrhVczjXTiswQaoxQ+0PTfbLNeOQM6M36zvLn78AYg=",
        "owner": "numtide",
        "repo": "flake-utils",
        "rev": "c6169a2772643c4a93a0b5ac1c61e296cba68544",
        "type": "github"
      },
      "original": {
        "owner": "numtide",
        "repo": "flake-utils",
        "type": "github"
      }
    },
    "flake-utils_3": {
      "locked": {
        "lastModified": 1618217525,
        "narHash": "sha256-WGrhVczjXTiswQaoxQ+0PTfbLNeOQM6M36zvLn78AYg=",
        "owner": "numtide",
        "repo": "flake-utils",
        "rev": "c6169a2772643c4a93a0b5ac1c61e296cba68544",
        "type": "github"
      },
      "original": {
        "owner": "numtide",
        "repo": "flake-utils",
        "type": "github"
      }
    },
    "flake-utils_4": {
      "locked": {
        "lastModified": 1618217525,
        "narHash": "sha256-WGrhVczjXTiswQaoxQ+0PTfbLNeOQM6M36zvLn78AYg=",
        "owner": "numtide",
        "repo": "flake-utils",
        "rev": "c6169a2772643c4a93a0b5ac1c61e296cba68544",
        "type": "github"
      },
      "original": {
        "owner": "numtide",
        "repo": "flake-utils",
        "type": "github"
      }
    },
    "flake-utils_5": {
      "locked": {
        "lastModified": 1605370193,
        "narHash": "sha256-YyMTf3URDL/otKdKgtoMChu4vfVL3vCMkRqpGifhUn0=",
        "owner": "numtide",
        "repo": "flake-utils",
        "rev": "5021eac20303a61fafe17224c087f5519baed54d",
        "type": "github"
      },
      "original": {
        "owner": "numtide",
        "repo": "flake-utils",
        "type": "github"
      }
    },
    "flake-utils_6": {
      "locked": {
        "lastModified": 1618217525,
        "narHash": "sha256-WGrhVczjXTiswQaoxQ+0PTfbLNeOQM6M36zvLn78AYg=",
        "owner": "numtide",
        "repo": "flake-utils",
        "rev": "c6169a2772643c4a93a0b5ac1c61e296cba68544",
        "type": "github"
      },
      "original": {
        "owner": "numtide",
        "repo": "flake-utils",
        "type": "github"
      }
    },
    "flake-utils_7": {
      "locked": {
        "lastModified": 1618217525,
        "narHash": "sha256-WGrhVczjXTiswQaoxQ+0PTfbLNeOQM6M36zvLn78AYg=",
        "owner": "numtide",
        "repo": "flake-utils",
        "rev": "c6169a2772643c4a93a0b5ac1c61e296cba68544",
        "type": "github"
      },
      "original": {
        "owner": "numtide",
        "repo": "flake-utils",
        "type": "github"
      }
    },
    "flake-utils_8": {
      "locked": {
        "lastModified": 1605370193,
        "narHash": "sha256-YyMTf3URDL/otKdKgtoMChu4vfVL3vCMkRqpGifhUn0=",
        "owner": "numtide",
        "repo": "flake-utils",
        "rev": "5021eac20303a61fafe17224c087f5519baed54d",
        "type": "github"
      },
      "original": {
        "owner": "numtide",
        "repo": "flake-utils",
        "type": "github"
      }
    },
    "flake-utils_9": {
      "locked": {
        "lastModified": 1618217525,
        "narHash": "sha256-WGrhVczjXTiswQaoxQ+0PTfbLNeOQM6M36zvLn78AYg=",
        "owner": "numtide",
        "repo": "flake-utils",
        "rev": "c6169a2772643c4a93a0b5ac1c61e296cba68544",
        "type": "github"
      },
      "original": {
        "owner": "numtide",
        "repo": "flake-utils",
        "type": "github"
      }
    },
    "get-flake": {
      "locked": {
        "lastModified": 1644686428,
        "narHash": "sha256-zkhYsURWFrvEZLkIoBeqFBzSu+cA2u5mo6M8vq9LN7M=",
        "owner": "ursi",
        "repo": "get-flake",
        "rev": "703f15558daa56dfae19d1858bb3046afe68831a",
        "type": "github"
      },
      "original": {
        "owner": "ursi",
        "repo": "get-flake",
        "type": "github"
      }
    },
    "gitignore": {
      "inputs": {
        "nixpkgs": [
          "hours",
          "purs-nix",
          "statix",
          "nixpkgs"
        ]
      },
      "locked": {
        "lastModified": 1635165013,
        "narHash": "sha256-o/BdVjNwcB6jOmzZjOH703BesSkkS5O7ej3xhyO8hAY=",
        "owner": "hercules-ci",
        "repo": "gitignore.nix",
        "rev": "5b9e0ff9d3b551234b4f3eb3983744fa354b17f1",
        "type": "github"
      },
      "original": {
        "owner": "hercules-ci",
        "repo": "gitignore.nix",
        "type": "github"
      }
    },
    "hours": {
      "inputs": {
        "nixpkgs": "nixpkgs_10",
        "purs-nix": "purs-nix_3",
        "utils": "utils_12"
      },
      "locked": {
        "lastModified": 1658635913,
        "narHash": "sha256-1lzlIKmRWVkB6S7sUHdvGKU2FFHu+bBEKBk9aVbCkRQ=",
        "owner": "ursi",
        "repo": "hours",
        "rev": "5e1fd73d9635756a5c041df26e8944385c2270eb",
        "type": "github"
      },
      "original": {
        "owner": "ursi",
        "repo": "hours",
        "type": "github"
      }
    },
    "im-home": {
      "locked": {
        "lastModified": 1654020614,
        "narHash": "sha256-EETbDqR4CPOMcPzbieE1KC1lE5AyplH5Rd0Oc+JGh9Q=",
        "owner": "ursi",
        "repo": "im-home",
        "rev": "94935871518f5683849460cf79881cb3b9461fe2",
        "type": "github"
      },
      "original": {
        "owner": "ursi",
        "repo": "im-home",
        "type": "github"
      }
    },
    "localVim": {
      "inputs": {
        "nixpkgs": "nixpkgs_20"
      },
      "locked": {
        "lastModified": 1611084859,
        "narHash": "sha256-EQskRlDi/fG6pVlgBi1nWAFzRU7V0WXv3B0ESaAhkr8=",
        "owner": "ursi",
        "repo": "nix-local-vim",
        "rev": "5a1ae1901632134d81996acdc7c822565d2c998d",
        "type": "github"
      },
      "original": {
        "owner": "ursi",
        "repo": "nix-local-vim",
        "type": "github"
      }
    },
    "lowdown-src": {
      "flake": false,
      "locked": {
        "lastModified": 1598695561,
        "narHash": "sha256-gyH/5j+h/nWw0W8AcR2WKvNBUsiQ7QuxqSJNXAwV+8E=",
        "owner": "kristapsdz",
        "repo": "lowdown",
        "rev": "1705b4a26fbf065d9574dce47a94e8c7c79e052f",
        "type": "github"
      },
      "original": {
        "owner": "kristapsdz",
        "repo": "lowdown",
        "type": "github"
      }
    },
    "make-shell": {
      "locked": {
        "lastModified": 1634940815,
        "narHash": "sha256-P69OmveboXzS+es1vQGS4bt+ckwbeIExqxfGLjGuJqA=",
        "owner": "ursi",
        "repo": "nix-make-shell",
        "rev": "8add91681170924e4d0591b22f294aee3f5516f9",
        "type": "github"
      },
      "original": {
        "owner": "ursi",
        "ref": "1",
        "repo": "nix-make-shell",
        "type": "github"
      }
    },
    "make-shell_2": {
      "locked": {
        "lastModified": 1625172355,
        "narHash": "sha256-+B6thE3Mgx5sz6Lbs2TKwMAB97pvnwHsDuD18cInClk=",
        "owner": "ursi",
        "repo": "nix-make-shell",
        "rev": "a2e0314a8066d7c19cc5a6b5c26dd9167943164a",
        "type": "github"
      },
      "original": {
        "owner": "ursi",
        "ref": "1",
        "repo": "nix-make-shell",
        "type": "github"
      }
    },
    "make-shell_3": {
      "locked": {
        "lastModified": 1634940815,
        "narHash": "sha256-P69OmveboXzS+es1vQGS4bt+ckwbeIExqxfGLjGuJqA=",
        "owner": "ursi",
        "repo": "nix-make-shell",
        "rev": "8add91681170924e4d0591b22f294aee3f5516f9",
        "type": "github"
      },
      "original": {
        "owner": "ursi",
        "ref": "1",
        "repo": "nix-make-shell",
        "type": "github"
      }
    },
    "make-shell_4": {
      "locked": {
        "lastModified": 1634940815,
        "narHash": "sha256-P69OmveboXzS+es1vQGS4bt+ckwbeIExqxfGLjGuJqA=",
        "owner": "ursi",
        "repo": "nix-make-shell",
        "rev": "8add91681170924e4d0591b22f294aee3f5516f9",
        "type": "github"
      },
      "original": {
        "owner": "ursi",
        "ref": "1",
        "repo": "nix-make-shell",
        "type": "github"
      }
    },
    "make-shell_5": {
      "locked": {
        "lastModified": 1634940815,
        "narHash": "sha256-P69OmveboXzS+es1vQGS4bt+ckwbeIExqxfGLjGuJqA=",
        "owner": "ursi",
        "repo": "nix-make-shell",
        "rev": "8add91681170924e4d0591b22f294aee3f5516f9",
        "type": "github"
      },
      "original": {
        "owner": "ursi",
        "ref": "1",
        "repo": "nix-make-shell",
        "type": "github"
      }
    },
    "make-shell_6": {
      "locked": {
        "lastModified": 1634940815,
        "narHash": "sha256-P69OmveboXzS+es1vQGS4bt+ckwbeIExqxfGLjGuJqA=",
        "owner": "ursi",
        "repo": "nix-make-shell",
        "rev": "8add91681170924e4d0591b22f294aee3f5516f9",
        "type": "github"
      },
      "original": {
        "owner": "ursi",
        "ref": "1",
        "repo": "nix-make-shell",
        "type": "github"
      }
    },
    "mozillapkgs": {
      "flake": false,
      "locked": {
        "lastModified": 1637337116,
        "narHash": "sha256-LKqAcdL+woWeYajs02bDQ7q8rsqgXuzhC354NoRaV80=",
        "owner": "mozilla",
        "repo": "nixpkgs-mozilla",
        "rev": "cbc7435f5b0b3d17b16fb1d20cf7b616eec5e093",
        "type": "github"
      },
      "original": {
        "owner": "mozilla",
        "repo": "nixpkgs-mozilla",
        "type": "github"
      }
    },
    "mozillapkgs_2": {
      "flake": false,
      "locked": {
        "lastModified": 1637337116,
        "narHash": "sha256-LKqAcdL+woWeYajs02bDQ7q8rsqgXuzhC354NoRaV80=",
        "owner": "mozilla",
        "repo": "nixpkgs-mozilla",
        "rev": "cbc7435f5b0b3d17b16fb1d20cf7b616eec5e093",
        "type": "github"
      },
      "original": {
        "owner": "mozilla",
        "repo": "nixpkgs-mozilla",
        "type": "github"
      }
    },
    "naersk": {
      "inputs": {
        "nixpkgs": "nixpkgs_5"
      },
      "locked": {
        "lastModified": 1638203339,
        "narHash": "sha256-Sz3iCvbWrVWOD/XfYQeRJgP/7MVYL3/VKsNXvDeWBFc=",
        "owner": "nmattia",
        "repo": "naersk",
        "rev": "c3e56b8a4ffb6d906cdfcfee034581f9a8ece571",
        "type": "github"
      },
      "original": {
        "owner": "nmattia",
        "repo": "naersk",
        "type": "github"
      }
    },
    "naersk_2": {
      "inputs": {
        "nixpkgs": "nixpkgs_8"
      },
      "locked": {
        "lastModified": 1638203339,
        "narHash": "sha256-Sz3iCvbWrVWOD/XfYQeRJgP/7MVYL3/VKsNXvDeWBFc=",
        "owner": "nmattia",
        "repo": "naersk",
        "rev": "c3e56b8a4ffb6d906cdfcfee034581f9a8ece571",
        "type": "github"
      },
      "original": {
        "owner": "nmattia",
        "repo": "naersk",
        "type": "github"
      }
    },
    "naersk_3": {
      "inputs": {
        "nixpkgs": "nixpkgs_12"
      },
      "locked": {
        "lastModified": 1655042882,
        "narHash": "sha256-9BX8Fuez5YJlN7cdPO63InoyBy7dm3VlJkkmTt6fS1A=",
        "owner": "nix-community",
        "repo": "naersk",
        "rev": "cddffb5aa211f50c4b8750adbec0bbbdfb26bb9f",
        "type": "github"
      },
      "original": {
        "owner": "nix-community",
        "repo": "naersk",
        "type": "github"
      }
    },
    "naersk_4": {
      "inputs": {
        "nixpkgs": "nixpkgs_16"
      },
      "locked": {
        "lastModified": 1655042882,
        "narHash": "sha256-9BX8Fuez5YJlN7cdPO63InoyBy7dm3VlJkkmTt6fS1A=",
        "owner": "nix-community",
        "repo": "naersk",
        "rev": "cddffb5aa211f50c4b8750adbec0bbbdfb26bb9f",
        "type": "github"
      },
      "original": {
        "owner": "nix-community",
        "repo": "naersk",
        "type": "github"
      }
    },
    "nix": {
      "inputs": {
        "lowdown-src": "lowdown-src",
        "nixpkgs": "nixpkgs_22"
      },
      "locked": {
        "lastModified": 1609520816,
        "narHash": "sha256-IGO7tfJXsv9u2wpW76VCzOsHYapRZqH9pHGVsoffPrI=",
        "owner": "NixOS",
        "repo": "nix",
        "rev": "8a2ce0f455da32bc20978e68c0aad9efb4560abc",
        "type": "github"
      },
      "original": {
        "id": "nix",
        "type": "indirect"
      }
    },
    "nixos-hardware": {
      "locked": {
        "lastModified": 1659356074,
        "narHash": "sha256-UwV6hZZEtchvtiTCCD/ODEv1226eam8kEgEyQb7xB0E=",
        "owner": "nixos",
        "repo": "nixos-hardware",
        "rev": "ea3efc80f8ab83cb73aec39f4e76fe87afb15a08",
        "type": "github"
      },
      "original": {
        "owner": "nixos",
        "repo": "nixos-hardware",
        "type": "github"
      }
    },
    "nixos-unstable": {
      "locked": {
        "lastModified": 1664989420,
        "narHash": "sha256-Q8IxomUjjmewsoJgO3htkXLfCckQ7HkDJ/ZhdYVf/fA=",
        "owner": "NixOS",
        "repo": "nixpkgs",
        "rev": "37bd39839acf99c5b738319f42478296f827f274",
        "type": "github"
      },
      "original": {
        "owner": "NixOS",
        "ref": "nixos-unstable",
        "repo": "nixpkgs",
        "type": "github"
      }
    },
    "nixpkgs": {
      "locked": {
        "lastModified": 1618628710,
        "narHash": "sha256-9xIoU+BrCpjs5nfWcd/GlU7XCVdnNKJPffoNTxgGfhs=",
        "path": "/nix/store/z1rf17q0fxj935cmplzys4gg6nxj1as0-source",
        "rev": "7919518f0235106d050c77837df5e338fb94de5d",
        "type": "path"
      },
      "original": {
        "id": "nixpkgs",
        "type": "indirect"
      }
    },
    "nixpkgs_10": {
      "locked": {
        "lastModified": 1658311025,
        "narHash": "sha256-GqagY5YmaZB3YaO41kKcQhe5RcpS83wnsW8iCu5Znqo=",
        "owner": "NixOS",
        "repo": "nixpkgs",
        "rev": "cd8d1784506a7c7eb0796772b73437e0b82fad57",
        "type": "github"
      },
      "original": {
        "owner": "NixOS",
        "ref": "nixpkgs-unstable",
        "repo": "nixpkgs",
        "type": "github"
      }
    },
    "nixpkgs_11": {
      "locked": {
        "lastModified": 1655400192,
        "narHash": "sha256-49OBVVRgb9H/PSmNT9W61+NRdDbuSJVuDDflwXlaUKU=",
        "owner": "nixos",
        "repo": "nixpkgs",
        "rev": "3d7435c638baffaa826b85459df0fff47f12317d",
        "type": "github"
      },
      "original": {
        "owner": "nixos",
        "ref": "nixos-unstable",
        "repo": "nixpkgs",
        "type": "github"
      }
    },
    "nixpkgs_12": {
      "locked": {
        "lastModified": 1655481042,
        "narHash": "sha256-XHbcywq2vIQ5CeH1OK3TN793jkiNAAZsSctS1PFgseo=",
        "owner": "NixOS",
        "repo": "nixpkgs",
        "rev": "103a4c0ae46afa9cf008c30744175315ca38e9f9",
        "type": "github"
      },
      "original": {
        "id": "nixpkgs",
        "type": "indirect"
      }
    },
    "nixpkgs_13": {
      "locked": {
        "lastModified": 1655481042,
        "narHash": "sha256-XHbcywq2vIQ5CeH1OK3TN793jkiNAAZsSctS1PFgseo=",
        "owner": "NixOS",
        "repo": "nixpkgs",
        "rev": "103a4c0ae46afa9cf008c30744175315ca38e9f9",
        "type": "github"
      },
      "original": {
        "id": "nixpkgs",
        "type": "indirect"
      }
    },
    "nixpkgs_14": {
      "locked": {
        "lastModified": 1646506091,
        "narHash": "sha256-sWNAJE2m+HOh1jtXlHcnhxsj6/sXrHgbqVNcVRlveK4=",
        "owner": "NixOS",
        "repo": "nixpkgs",
        "rev": "3e644bd62489b516292c816f70bf0052c693b3c7",
        "type": "github"
      },
      "original": {
        "owner": "NixOS",
        "ref": "nixpkgs-unstable",
        "repo": "nixpkgs",
        "type": "github"
      }
    },
    "nixpkgs_15": {
      "locked": {
        "lastModified": 1655400192,
        "narHash": "sha256-49OBVVRgb9H/PSmNT9W61+NRdDbuSJVuDDflwXlaUKU=",
        "owner": "nixos",
        "repo": "nixpkgs",
        "rev": "3d7435c638baffaa826b85459df0fff47f12317d",
        "type": "github"
      },
      "original": {
        "owner": "nixos",
        "ref": "nixos-unstable",
        "repo": "nixpkgs",
        "type": "github"
      }
    },
    "nixpkgs_16": {
      "locked": {
        "lastModified": 1655481042,
        "narHash": "sha256-XHbcywq2vIQ5CeH1OK3TN793jkiNAAZsSctS1PFgseo=",
        "owner": "NixOS",
        "repo": "nixpkgs",
        "rev": "103a4c0ae46afa9cf008c30744175315ca38e9f9",
        "type": "github"
      },
      "original": {
        "id": "nixpkgs",
        "type": "indirect"
      }
    },
    "nixpkgs_17": {
      "locked": {
        "lastModified": 1655481042,
        "narHash": "sha256-XHbcywq2vIQ5CeH1OK3TN793jkiNAAZsSctS1PFgseo=",
        "owner": "NixOS",
        "repo": "nixpkgs",
        "rev": "103a4c0ae46afa9cf008c30744175315ca38e9f9",
        "type": "github"
      },
      "original": {
        "id": "nixpkgs",
        "type": "indirect"
      }
    },
    "nixpkgs_18": {
      "locked": {
        "lastModified": 1656549732,
        "narHash": "sha256-eILutFZGjfk2bEzfim8S/qyYc//0S1KsCeO+OWbtoR0=",
        "owner": "NixOS",
        "repo": "nixpkgs",
        "rev": "d3248619647234b5dc74a6921bcdf6dd8323eb22",
        "type": "github"
      },
      "original": {
        "owner": "NixOS",
        "ref": "nixpkgs-unstable",
        "repo": "nixpkgs",
        "type": "github"
      }
    },
    "nixpkgs_19": {
      "locked": {
        "lastModified": 1645013224,
        "narHash": "sha256-b7OEC8vwzJv3rsz9pwnTX2LQDkeOWz2DbKypkVvNHXc=",
        "owner": "nixos",
        "repo": "nixpkgs",
        "rev": "b66b39216b1fef2d8c33cc7a5c72d8da80b79970",
        "type": "github"
      },
      "original": {
        "owner": "nixos",
        "ref": "nixpkgs-unstable",
        "repo": "nixpkgs",
        "type": "github"
      }
    },
    "nixpkgs_2": {
      "locked": {
        "lastModified": 1615513511,
        "narHash": "sha256-3Ro7OjPqmMjeV3P710TqMueGxqQNGYL7dNn/5TLhlYA=",
        "owner": "NixOS",
        "repo": "nixpkgs",
        "rev": "c5147860e23ed75ce9d40298c66b416c00be1167",
        "type": "github"
      },
      "original": {
        "id": "nixpkgs",
        "type": "indirect"
      }
    },
    "nixpkgs_20": {
      "locked": {
        "lastModified": 1610942247,
        "narHash": "sha256-PKo1ATAlC6BmfYSRmX0TVmNoFbrec+A5OKcabGEu2yU=",
        "owner": "NixOS",
        "repo": "nixpkgs",
        "rev": "7d71001b796340b219d1bfa8552c81995017544a",
        "type": "github"
      },
      "original": {
        "id": "nixpkgs",
        "type": "indirect"
      }
    },
    "nixpkgs_21": {
      "locked": {
        "lastModified": 1657972522,
        "narHash": "sha256-JTiKsBT1BwMbtSUsvtSl8ffkiirby8FaujJVGV766Q8=",
        "owner": "NixOS",
        "repo": "nixpkgs",
        "rev": "07a2e6a4e31ea48408861607198972d60adaf4ad",
        "type": "github"
      },
      "original": {
        "owner": "NixOS",
        "ref": "nixos-22.05",
        "repo": "nixpkgs",
        "type": "github"
      }
    },
    "nixpkgs_22": {
      "locked": {
        "lastModified": 1602702596,
        "narHash": "sha256-fqJ4UgOb4ZUnCDIapDb4gCrtAah5Rnr2/At3IzMitig=",
        "owner": "NixOS",
        "repo": "nixpkgs",
        "rev": "ad0d20345219790533ebe06571f82ed6b034db31",
        "type": "github"
      },
      "original": {
        "id": "nixpkgs",
        "ref": "nixos-20.09-small",
        "type": "indirect"
      }
    },
    "nixpkgs_23": {
      "locked": {
        "lastModified": 1611413872,
        "narHash": "sha256-nD9e3f9P+YQ1qDSHdRXIAor40eqANBv1o03zGvpJsnM=",
        "owner": "NixOS",
        "repo": "nixpkgs",
        "rev": "fe08be60cb84148a3dba29cfdb090fa185cacdaa",
        "type": "github"
      },
      "original": {
        "owner": "NixOS",
        "ref": "nixos-20.09",
        "repo": "nixpkgs",
        "type": "github"
      }
    },
    "nixpkgs_24": {
      "locked": {
        "lastModified": 1607659006,
        "narHash": "sha256-thOt100nFeQU6LyBdrbnm2n7V4+UNnijLVGb2Ls7IE0=",
        "owner": "NixOS",
        "repo": "nixpkgs",
        "rev": "e0b40003cb29eef81c2e1338a928e15e7bb8efba",
        "type": "github"
      },
      "original": {
        "id": "nixpkgs",
        "type": "indirect"
      }
    },
    "nixpkgs_25": {
      "locked": {
        "lastModified": 1635336330,
        "narHash": "sha256-EPrCZTmuOEY1KLjUCu7rXCBxNemggIFJMDdfEqXQKGo=",
        "owner": "NixOS",
        "repo": "nixpkgs",
        "rev": "51acb65b302551ac7993b437cc6863fe9fa8ae50",
        "type": "github"
      },
      "original": {
        "owner": "NixOS",
        "ref": "nixpkgs-unstable",
        "repo": "nixpkgs",
        "type": "github"
      }
    },
    "nixpkgs_3": {
      "locked": {
        "lastModified": 1608723372,
        "narHash": "sha256-XoCD827n1+bBPVxjKFmAikh7KSIspj9BBj2vnWhtTC4=",
        "owner": "NixOS",
        "repo": "nixpkgs",
        "rev": "b67ba0bfcc714453cdeb8d713e35751eb8b4c8f4",
        "type": "github"
      },
      "original": {
        "id": "nixpkgs",
        "type": "indirect"
      }
    },
    "nixpkgs_4": {
      "locked": {
        "lastModified": 1617929752,
        "narHash": "sha256-ji0nqJUZp2bfHvO0sKxD24cW6Nk7LyjbPPMxjbJHji0=",
        "owner": "NixOS",
        "repo": "nixpkgs",
        "rev": "6fc2b7ecc2a167ce6a6902d5417daf1fa5cac777",
        "type": "github"
      },
      "original": {
        "owner": "NixOS",
        "ref": "nixpkgs-unstable",
        "repo": "nixpkgs",
        "type": "github"
      }
    },
    "nixpkgs_5": {
      "locked": {
        "lastModified": 1638722875,
        "narHash": "sha256-B1BSlq6Mg4WLw7eLLW/JCM8xPkNsIkKRYgzJz6YPtEY=",
        "owner": "NixOS",
        "repo": "nixpkgs",
        "rev": "4722a8e10edcf46aaeb0b9f887bb756e25c6930e",
        "type": "github"
      },
      "original": {
        "id": "nixpkgs",
        "type": "indirect"
      }
    },
    "nixpkgs_6": {
      "locked": {
        "lastModified": 1638722875,
        "narHash": "sha256-B1BSlq6Mg4WLw7eLLW/JCM8xPkNsIkKRYgzJz6YPtEY=",
        "owner": "NixOS",
        "repo": "nixpkgs",
        "rev": "4722a8e10edcf46aaeb0b9f887bb756e25c6930e",
        "type": "github"
      },
      "original": {
        "id": "nixpkgs",
        "type": "indirect"
      }
    },
    "nixpkgs_7": {
      "locked": {
        "lastModified": 1644486793,
        "narHash": "sha256-EeijR4guVHgVv+JpOX3cQO+1XdrkJfGmiJ9XVsVU530=",
        "owner": "NixOS",
        "repo": "nixpkgs",
        "rev": "1882c6b7368fd284ad01b0a5b5601ef136321292",
        "type": "github"
      },
      "original": {
        "owner": "NixOS",
        "ref": "nixpkgs-unstable",
        "repo": "nixpkgs",
        "type": "github"
      }
    },
    "nixpkgs_8": {
      "locked": {
        "lastModified": 1638722875,
        "narHash": "sha256-B1BSlq6Mg4WLw7eLLW/JCM8xPkNsIkKRYgzJz6YPtEY=",
        "owner": "NixOS",
        "repo": "nixpkgs",
        "rev": "4722a8e10edcf46aaeb0b9f887bb756e25c6930e",
        "type": "github"
      },
      "original": {
        "id": "nixpkgs",
        "type": "indirect"
      }
    },
    "nixpkgs_9": {
      "locked": {
        "lastModified": 1638722875,
        "narHash": "sha256-B1BSlq6Mg4WLw7eLLW/JCM8xPkNsIkKRYgzJz6YPtEY=",
        "owner": "NixOS",
        "repo": "nixpkgs",
        "rev": "4722a8e10edcf46aaeb0b9f887bb756e25c6930e",
        "type": "github"
      },
      "original": {
        "id": "nixpkgs",
        "type": "indirect"
      }
    },
    "ps-tools": {
      "inputs": {
        "deadnix": "deadnix_4",
        "make-shell": "make-shell_6",
        "nixpkgs": "nixpkgs_18",
        "utils": "utils_10"
      },
      "locked": {
        "lastModified": 1658374818,
        "narHash": "sha256-WxbQ/BR4Ep8tBbaOikXechspyZlvwfL5XNmRNEnaOFo=",
        "owner": "purs-nix",
        "repo": "purescript-tools",
        "rev": "c0f887f60ea2331dfdc5b0e8be2e732976887345",
        "type": "github"
      },
      "original": {
        "owner": "purs-nix",
        "repo": "purescript-tools",
        "type": "github"
      }
    },
    "purs-nix": {
      "inputs": {
        "deadnix": "deadnix",
        "make-shell": "make-shell",
        "utils": "utils_3"
      },
      "locked": {
        "lastModified": 1644905907,
        "narHash": "sha256-v7EBxZnvx1uCx7brt7PG+R5OPTeD+rpSdm8wX4pi9rs=",
        "owner": "ursi",
        "repo": "purs-nix",
        "rev": "3ace179e8b2b118a6d3791d44d3d6634e7d89eab",
        "type": "github"
      },
      "original": {
        "owner": "ursi",
        "repo": "purs-nix",
        "type": "github"
      }
    },
    "purs-nix_2": {
      "inputs": {
        "deadnix": "deadnix_2",
        "make-shell": "make-shell_4",
        "utils": "utils_6"
      },
      "locked": {
        "lastModified": 1644905907,
        "narHash": "sha256-v7EBxZnvx1uCx7brt7PG+R5OPTeD+rpSdm8wX4pi9rs=",
        "owner": "ursi",
        "repo": "purs-nix",
        "rev": "3ace179e8b2b118a6d3791d44d3d6634e7d89eab",
        "type": "github"
      },
      "original": {
        "owner": "ursi",
        "repo": "purs-nix",
        "type": "github"
      }
    },
    "purs-nix_3": {
      "inputs": {
        "builders": "builders",
        "deadnix": "deadnix_3",
        "docs-search": "docs-search",
        "get-flake": "get-flake",
        "make-shell": "make-shell_5",
        "nixpkgs": "nixpkgs_14",
        "ps-tools": "ps-tools",
        "statix": "statix",
        "utils": "utils_11"
      },
      "locked": {
        "lastModified": 1658602971,
        "narHash": "sha256-A/znDJURCjw9s4ZmWIupsxe+FL+cZL7C+fUrGLO6KxM=",
        "owner": "purs-nix",
        "repo": "purs-nix",
        "rev": "5c3c253be220cac0d3fc192fe33e3c7bbe88911d",
        "type": "github"
      },
      "original": {
        "owner": "purs-nix",
        "ref": "ps-0.14",
        "repo": "purs-nix",
        "type": "github"
      }
    },
    "root": {
      "inputs": {
        "agenix": "agenix",
        "breeze": "breeze",
        "brightness": "brightness",
        "flake-make": "flake-make",
        "hours": "hours",
        "im-home": "im-home",
        "localVim": "localVim",
        "nixos-hardware": "nixos-hardware",
        "nixos-unstable": "nixos-unstable",
        "nixpkgs": "nixpkgs_21",
        "ssbm": "ssbm",
        "utils": "utils_13",
        "z": "z"
      }
    },
    "rust-analyzer-src": {
      "flake": false,
      "locked": {
        "lastModified": 1655507737,
        "narHash": "sha256-o+AqNsjL6o2RHh4InZHQVpkmqg570YFJL4Db8mKq+fs=",
        "owner": "rust-lang",
        "repo": "rust-analyzer",
        "rev": "12dd81092e37df28b7a3591cae9675e668927198",
        "type": "github"
      },
      "original": {
        "owner": "rust-lang",
        "ref": "nightly",
        "repo": "rust-analyzer",
        "type": "github"
      }
    },
    "rust-analyzer-src_2": {
      "flake": false,
      "locked": {
        "lastModified": 1655507737,
        "narHash": "sha256-o+AqNsjL6o2RHh4InZHQVpkmqg570YFJL4Db8mKq+fs=",
        "owner": "rust-lang",
        "repo": "rust-analyzer",
        "rev": "12dd81092e37df28b7a3591cae9675e668927198",
        "type": "github"
      },
      "original": {
        "owner": "rust-lang",
        "ref": "nightly",
        "repo": "rust-analyzer",
        "type": "github"
      }
    },
    "rust-analyzer-src_3": {
      "flake": false,
      "locked": {
        "lastModified": 1645205556,
        "narHash": "sha256-e4lZW3qRyOEJ+vLKFQP7m2Dxh5P44NrnekZYLxlucww=",
        "owner": "rust-analyzer",
        "repo": "rust-analyzer",
        "rev": "acf5874b39f3dc5262317a6074d9fc7285081161",
        "type": "github"
      },
      "original": {
        "owner": "rust-analyzer",
        "ref": "nightly",
        "repo": "rust-analyzer",
        "type": "github"
      }
    },
    "slippi-desktop": {
      "flake": false,
      "locked": {
        "lastModified": 1607036060,
        "narHash": "sha256-TUYsiVvKAws3N3roZYDwkLB0obyl6zwvh8CAk2RwHrY=",
        "owner": "project-slippi",
        "repo": "slippi-desktop-app",
        "rev": "3ca39ba6bbd02157515b12a79aa01e5d669ad1b1",
        "type": "github"
      },
      "original": {
        "owner": "project-slippi",
        "repo": "slippi-desktop-app",
        "type": "github"
      }
    },
    "ssbm": {
      "inputs": {
        "nix": "nix",
        "nixpkgs": "nixpkgs_23",
        "slippi-desktop": "slippi-desktop"
      },
      "locked": {
        "lastModified": 1640232377,
        "narHash": "sha256-x+mzh/WM9leSslf9rpxqYUZEtM5ZaASSPd7IWDvb7nQ=",
        "owner": "djanatyn",
        "repo": "ssbm-nix",
        "rev": "60564975255b2de0211d69fa5e7149eb557ada69",
        "type": "github"
      },
      "original": {
        "owner": "djanatyn",
        "repo": "ssbm-nix",
        "type": "github"
      }
    },
    "statix": {
      "inputs": {
        "fenix": "fenix_3",
        "gitignore": "gitignore",
        "nixpkgs": "nixpkgs_19"
      },
      "locked": {
        "lastModified": 1657460333,
        "narHash": "sha256-5o6zMBASEsGKtjKDb3SizJnN9A7qpOcbzWBXsacfMyc=",
        "owner": "nerdypepper",
        "repo": "statix",
        "rev": "6422c959d365dee2fda5eda8858fefad31f17b25",
        "type": "github"
      },
      "original": {
        "owner": "nerdypepper",
        "repo": "statix",
        "type": "github"
      }
    },
    "utils": {
      "inputs": {
        "flake-utils": "flake-utils",
        "nixpkgs": "nixpkgs_3"
      },
      "locked": {
        "lastModified": 1614319620,
        "narHash": "sha256-9e15MKXRWKwnn/cGnJyVUwTYM3fw6+vHq/vQRLjMcXE=",
        "owner": "ursi",
        "repo": "flake-utils",
        "rev": "e4ef06ee72cf0ae5f9931b0360e97bed7b6fb501",
        "type": "github"
      },
      "original": {
        "id": "utils",
        "type": "indirect"
      }
    },
    "utils_10": {
      "inputs": {
        "flake-utils": "flake-utils_6"
      },
      "locked": {
        "lastModified": 1656044990,
        "narHash": "sha256-f01BB7CaOyntOab9XnpH9HD63rGcnu2iyL4M2ubs5F8=",
        "owner": "ursi",
        "repo": "flake-utils",
        "rev": "f53b674a2c90f6202a2f4cd491aba121775490b5",
        "type": "github"
      },
      "original": {
        "owner": "ursi",
        "ref": "8",
        "repo": "flake-utils",
        "type": "github"
      }
    },
    "utils_11": {
      "inputs": {
        "flake-utils": "flake-utils_7"
      },
      "locked": {
        "lastModified": 1656044990,
        "narHash": "sha256-f01BB7CaOyntOab9XnpH9HD63rGcnu2iyL4M2ubs5F8=",
        "owner": "ursi",
        "repo": "flake-utils",
        "rev": "f53b674a2c90f6202a2f4cd491aba121775490b5",
        "type": "github"
      },
      "original": {
        "owner": "ursi",
        "ref": "8",
        "repo": "flake-utils",
        "type": "github"
      }
    },
    "utils_12": {
      "locked": {
        "lastModified": 1656928814,
        "narHash": "sha256-RIFfgBuKz6Hp89yRr7+NR5tzIAbn52h8vT6vXkYjZoM=",
        "owner": "numtide",
        "repo": "flake-utils",
        "rev": "7e2a3b3dfd9af950a856d66b0a7d01e3c18aa249",
        "type": "github"
      },
      "original": {
        "owner": "numtide",
        "repo": "flake-utils",
        "type": "github"
      }
    },
    "utils_13": {
      "inputs": {
        "flake-utils": "flake-utils_8",
        "nixpkgs": "nixpkgs_24"
      },
      "locked": {
        "lastModified": 1607971648,
        "narHash": "sha256-YPS5qB+cnmV5xKsTMUyU1udmscIls6vbkdoRCSoaKbI=",
        "owner": "ursi",
        "repo": "flake-utils",
        "rev": "3a39444700665688ab47d4e65c4eb928c879e3b5",
        "type": "github"
      },
      "original": {
        "id": "utils",
        "type": "indirect"
      }
    },
    "utils_14": {
      "inputs": {
        "flake-utils": "flake-utils_9"
      },
      "locked": {
        "lastModified": 1635484168,
        "narHash": "sha256-g5zeycuFmoPvhcKsBeRZhV0KfZHJJuKU3EbKgeg9iC0=",
        "owner": "ursi",
        "repo": "flake-utils",
        "rev": "f4809af8fcf29b9cd6b861720c9827a4273b4bd3",
        "type": "github"
      },
      "original": {
        "owner": "ursi",
        "repo": "flake-utils",
        "type": "github"
      }
    },
    "utils_2": {
      "locked": {
        "lastModified": 1638122382,
        "narHash": "sha256-sQzZzAbvKEqN9s0bzWuYmRaA03v40gaJ4+iL1LXjaeI=",
        "owner": "numtide",
        "repo": "flake-utils",
        "rev": "74f7e4319258e287b0f9cb95426c9853b282730b",
        "type": "github"
      },
      "original": {
        "owner": "numtide",
        "repo": "flake-utils",
        "type": "github"
      }
    },
    "utils_3": {
      "inputs": {
        "flake-utils": "flake-utils_2"
      },
      "locked": {
        "lastModified": 1644029741,
        "narHash": "sha256-Kfip3zjNQ/40xJWH296MDEFKBBPnEPupjUvjdqhKNYg=",
        "owner": "ursi",
        "repo": "flake-utils",
        "rev": "6102802ae96c56af1d2d9fc297029f515f49e332",
        "type": "github"
      },
      "original": {
        "owner": "ursi",
        "ref": "8",
        "repo": "flake-utils",
        "type": "github"
      }
    },
    "utils_4": {
      "inputs": {
        "flake-utils": "flake-utils_3",
        "make-shell": "make-shell_2"
      },
      "locked": {
        "lastModified": 1625172510,
        "narHash": "sha256-Dg/pWpdeL1RGrVZC+NZ/8tyE4AVHN8LQaIsC+5lGet8=",
        "owner": "ursi",
        "repo": "flake-utils",
        "rev": "88f31a4410ad4a682b4d259abc8aeaf87ce97539",
        "type": "github"
      },
      "original": {
        "owner": "ursi",
        "ref": "2",
        "repo": "flake-utils",
        "type": "github"
      }
    },
    "utils_5": {
      "locked": {
        "lastModified": 1638122382,
        "narHash": "sha256-sQzZzAbvKEqN9s0bzWuYmRaA03v40gaJ4+iL1LXjaeI=",
        "owner": "numtide",
        "repo": "flake-utils",
        "rev": "74f7e4319258e287b0f9cb95426c9853b282730b",
        "type": "github"
      },
      "original": {
        "owner": "numtide",
        "repo": "flake-utils",
        "type": "github"
      }
    },
    "utils_6": {
      "inputs": {
        "flake-utils": "flake-utils_4"
      },
      "locked": {
        "lastModified": 1644029741,
        "narHash": "sha256-Kfip3zjNQ/40xJWH296MDEFKBBPnEPupjUvjdqhKNYg=",
        "owner": "ursi",
        "repo": "flake-utils",
        "rev": "6102802ae96c56af1d2d9fc297029f515f49e332",
        "type": "github"
      },
      "original": {
        "owner": "ursi",
        "ref": "8",
        "repo": "flake-utils",
        "type": "github"
      }
    },
    "utils_7": {
      "inputs": {
        "flake-utils": "flake-utils_5"
      },
      "locked": {
        "lastModified": 1644540938,
        "narHash": "sha256-8Cznt+YLxCOxUXtr+7ynfvdkKArkW/AWzrJWPMDYD/A=",
        "owner": "ursi",
        "repo": "flake-utils",
        "rev": "cca77da41a04feb13949fc189085bf6216d27421",
        "type": "github"
      },
      "original": {
        "owner": "ursi",
        "ref": "8",
        "repo": "flake-utils",
        "type": "github"
      }
    },
    "utils_8": {
      "locked": {
        "lastModified": 1653893745,
        "narHash": "sha256-0jntwV3Z8//YwuOjzhV2sgJJPt+HY6KhU7VZUL0fKZQ=",
        "owner": "numtide",
        "repo": "flake-utils",
        "rev": "1ed9fb1935d260de5fe1c2f7ee0ebaae17ed2fa1",
        "type": "github"
      },
      "original": {
        "owner": "numtide",
        "repo": "flake-utils",
        "type": "github"
      }
    },
    "utils_9": {
      "locked": {
        "lastModified": 1653893745,
        "narHash": "sha256-0jntwV3Z8//YwuOjzhV2sgJJPt+HY6KhU7VZUL0fKZQ=",
        "owner": "numtide",
        "repo": "flake-utils",
        "rev": "1ed9fb1935d260de5fe1c2f7ee0ebaae17ed2fa1",
        "type": "github"
      },
      "original": {
        "owner": "numtide",
        "repo": "flake-utils",
        "type": "github"
      }
    },
    "z": {
      "inputs": {
        "nixpkgs": "nixpkgs_25",
        "utils": "utils_14"
      },
      "locked": {
        "lastModified": 1635484679,
        "narHash": "sha256-zI+6tgcMEhLb6QIFpFqd5XYhkIb/dWT/8rjMpDK8kws=",
        "owner": "ursi",
        "repo": "z-nix",
        "rev": "0110ea391cce8946d348b64b8686530f6e30508d",
        "type": "github"
      },
      "original": {
        "owner": "ursi",
        "repo": "z-nix",
        "type": "github"
      }
    }
  },
  "root": "root",
  "version": 7
}
