{
  "nodes": {
    "hours": {
      "flake": false,
      "locked": {
        "lastModified": 1654198811,
        "narHash": "sha256-A1dawiGQdLFRIPeW7e6zgR57YLsXsw1//xB+y+GeneU=",
        "owner": "Quelklef",
        "repo": "hours",
        "rev": "b991e8c0f27a6743c3d922364b889383bb2a768e",
        "type": "github"
      },
      "original": {
        "owner": "Quelklef",
        "repo": "hours",
        "type": "github"
      }
    },
    "nixos-unstable": {
      "locked": {
        "lastModified": 1654682581,
        "narHash": "sha256-Jb1PQCwKgwdNAp907eR5zPzuxV+kRroA3UIxUxCMJ9s=",
        "owner": "NixOS",
        "repo": "nixpkgs",
        "rev": "e0169d7a9d324afebf5679551407756c77af8930",
        "type": "github"
      },
      "original": {
        "owner": "NixOS",
        "ref": "nixos-unstable",
        "repo": "nixpkgs",
        "type": "github"
      }
    },
    "nixpkgs": {
      "locked": {
        "lastModified": 1654758790,
        "narHash": "sha256-bXimktlkjL9s8ldMzMBslxEs80cjZDqrof1g8MbhmQI=",
        "owner": "NixOS",
        "repo": "nixpkgs",
        "rev": "e5556c75ac012ee6e03f39a56c1c51b0f7d658c2",
        "type": "github"
      },
      "original": {
        "owner": "NixOS",
        "ref": "nixos-22.05",
        "repo": "nixpkgs",
        "type": "github"
      }
    },
    "root": {
      "inputs": {
        "hours": "hours",
        "nixos-unstable": "nixos-unstable",
        "nixpkgs": "nixpkgs"
      }
    }
  },
  "root": "root",
  "version": 7
}
